
Microsoft Visual Studio Solution File, Format Version 12.00
# Visual Studio Version 16
VisualStudioVersion = 16.0.28917.181
MinimumVisualStudioVersion = 10.0.40219.1
Project("{9A19103F-16F7-4668-BE54-9A1E7A4F7556}") = "LadeviVentasApi", "LadeviVentasApi\LadeviVentasApi.csproj", "{02E8396E-8914-4527-B1A7-815F6291F6BB}"
EndProject
Project("{2150E333-8FDC-42A3-9474-1A3956D46DE8}") = "others", "others", "{35AC7CFA-A28F-409C-8029-4CB17BC71A8A}"
	ProjectSection(SolutionItems) = preProject
		.dockerignore = .dockerignore
		.env = .env
		.gitignore = .gitignore
		docker-compose.production.yml = docker-compose.production.yml
		docker-compose.yml = docker-compose.yml
		Dockerfile.migrator = Dockerfile.migrator
		Dockerfile.netcore = Dockerfile.netcore
		Dockerfile.xunit = Dockerfile.xunit
		nuget.config = nuget.config
		run-tests.sh = run-tests.sh
	EndProjectSection
EndProject
# Project("{9A19103F-16F7-4668-BE54-9A1E7A4F7556}") = "Scheduler", "Scheduler\Scheduler.csproj", "{2B6C7E53-6AED-4517-AF25-A064D848C468}"
# EndProject
Project("{FAE04EC0-301F-11D3-BF4B-00C04F79EFBC}") = "Tests", "Tests\Tests.csproj", "{5380C38C-FA83-4D2D-A51E-35E90357E935}"
EndProject
Global
	GlobalSection(SolutionConfigurationPlatforms) = preSolution
		Debug|Any CPU = Debug|Any CPU
		Release|Any CPU = Release|Any CPU
	EndGlobalSection
	GlobalSection(ProjectConfigurationPlatforms) = postSolution
		{02E8396E-8914-4527-B1A7-815F6291F6BB}.Debug|Any CPU.ActiveCfg = Debug|Any CPU
		{02E8396E-8914-4527-B1A7-815F6291F6BB}.Debug|Any CPU.Build.0 = Debug|Any CPU
		{02E8396E-8914-4527-B1A7-815F6291F6BB}.Release|Any CPU.ActiveCfg = Release|Any CPU
		{02E8396E-8914-4527-B1A7-815F6291F6BB}.Release|Any CPU.Build.0 = Release|Any CPU
		{2B6C7E53-6AED-4517-AF25-A064D848C468}.Debug|Any CPU.ActiveCfg = Debug|Any CPU
		{2B6C7E53-6AED-4517-AF25-A064D848C468}.Debug|Any CPU.Build.0 = Debug|Any CPU
		{2B6C7E53-6AED-4517-AF25-A064D848C468}.Release|Any CPU.ActiveCfg = Release|Any CPU
		{2B6C7E53-6AED-4517-AF25-A064D848C468}.Release|Any CPU.Build.0 = Release|Any CPU
		{5380C38C-FA83-4D2D-A51E-35E90357E935}.Debug|Any CPU.ActiveCfg = Debug|Any CPU
		{5380C38C-FA83-4D2D-A51E-35E90357E935}.Debug|Any CPU.Build.0 = Debug|Any CPU
		{5380C38C-FA83-4D2D-A51E-35E90357E935}.Release|Any CPU.ActiveCfg = Release|Any CPU
		{5380C38C-FA83-4D2D-A51E-35E90357E935}.Release|Any CPU.Build.0 = Release|Any CPU
	EndGlobalSection
	GlobalSection(SolutionProperties) = preSolution
		HideSolutionNode = FALSE
	EndGlobalSection
	GlobalSection(ExtensibilityGlobals) = postSolution
		SolutionGuid = {8E559BE6-B0D0-4AA9-8ED2-B0A6E8593C91}
	EndGlobalSection
EndGlobal
